// !$*UTF8*$!
{
	archiveVersion = 1;
	classes = {
	};
	objectVersion = 56;
	objects = {

/* Begin PBXBuildFile section */
		11FEBCB22AA4AA7B00A2BF40 /* AppDelegate.swift in Sources */ = {isa = PBXBuildFile; fileRef = 11FEBCB12AA4AA7B00A2BF40 /* AppDelegate.swift */; };
		11FEBCB42AA4AA7B00A2BF40 /* SceneDelegate.swift in Sources */ = {isa = PBXBuildFile; fileRef = 11FEBCB32AA4AA7B00A2BF40 /* SceneDelegate.swift */; };
		11FEBCB62AA4AA7B00A2BF40 /* CommentsController.swift in Sources */ = {isa = PBXBuildFile; fileRef = 11FEBCB52AA4AA7B00A2BF40 /* CommentsController.swift */; };
		11FEBCB92AA4AA7B00A2BF40 /* Main.storyboard in Resources */ = {isa = PBXBuildFile; fileRef = 11FEBCB72AA4AA7B00A2BF40 /* Main.storyboard */; };
		11FEBCBB2AA4AA7C00A2BF40 /* Assets.xcassets in Resources */ = {isa = PBXBuildFile; fileRef = 11FEBCBA2AA4AA7C00A2BF40 /* Assets.xcassets */; };
		11FEBCBE2AA4AA7C00A2BF40 /* LaunchScreen.storyboard in Resources */ = {isa = PBXBuildFile; fileRef = 11FEBCBC2AA4AA7C00A2BF40 /* LaunchScreen.storyboard */; };
		11FEBCCF2AA4E37E00A2BF40 /* CommentCell.swift in Sources */ = {isa = PBXBuildFile; fileRef = 11FEBCCE2AA4E37E00A2BF40 /* CommentCell.swift */; };
		11FEBCD12AA4E52F00A2BF40 /* Comment.swift in Sources */ = {isa = PBXBuildFile; fileRef = 11FEBCD02AA4E52F00A2BF40 /* Comment.swift */; };
		11FEBCD42AA4F36D00A2BF40 /* NetworkService.swift in Sources */ = {isa = PBXBuildFile; fileRef = 11FEBCD32AA4F36D00A2BF40 /* NetworkService.swift */; };
		11FEBCD72AA4F61000A2BF40 /* CommentNetworkService.swift in Sources */ = {isa = PBXBuildFile; fileRef = 11FEBCD62AA4F61000A2BF40 /* CommentNetworkService.swift */; };
		11FEBCD92AA4F76200A2BF40 /* GetCommentResponse.swift in Sources */ = {isa = PBXBuildFile; fileRef = 11FEBCD82AA4F76200A2BF40 /* GetCommentResponse.swift */; };
		11FEBCDB2AA4F83500A2BF40 /* NetworkError.swift in Sources */ = {isa = PBXBuildFile; fileRef = 11FEBCDA2AA4F83500A2BF40 /* NetworkError.swift */; };
/* End PBXBuildFile section */

/* Begin PBXFileReference section */
		11FEBCAE2AA4AA7B00A2BF40 /* comments_mvc_swiftbook.app */ = {isa = PBXFileReference; explicitFileType = wrapper.application; includeInIndex = 0; path = comments_mvc_swiftbook.app; sourceTree = BUILT_PRODUCTS_DIR; };
		11FEBCB12AA4AA7B00A2BF40 /* AppDelegate.swift */ = {isa = PBXFileReference; lastKnownFileType = sourcecode.swift; path = AppDelegate.swift; sourceTree = "<group>"; };
		11FEBCB32AA4AA7B00A2BF40 /* SceneDelegate.swift */ = {isa = PBXFileReference; lastKnownFileType = sourcecode.swift; path = SceneDelegate.swift; sourceTree = "<group>"; };
		11FEBCB52AA4AA7B00A2BF40 /* CommentsController.swift */ = {isa = PBXFileReference; lastKnownFileType = sourcecode.swift; path = CommentsController.swift; sourceTree = "<group>"; };
		11FEBCB82AA4AA7B00A2BF40 /* Base */ = {isa = PBXFileReference; lastKnownFileType = file.storyboard; name = Base; path = Base.lproj/Main.storyboard; sourceTree = "<group>"; };
		11FEBCBA2AA4AA7C00A2BF40 /* Assets.xcassets */ = {isa = PBXFileReference; lastKnownFileType = folder.assetcatalog; path = Assets.xcassets; sourceTree = "<group>"; };
		11FEBCBD2AA4AA7C00A2BF40 /* Base */ = {isa = PBXFileReference; lastKnownFileType = file.storyboard; name = Base; path = Base.lproj/LaunchScreen.storyboard; sourceTree = "<group>"; };
		11FEBCBF2AA4AA7C00A2BF40 /* Info.plist */ = {isa = PBXFileReference; lastKnownFileType = text.plist.xml; path = Info.plist; sourceTree = "<group>"; };
		11FEBCCE2AA4E37E00A2BF40 /* CommentCell.swift */ = {isa = PBXFileReference; lastKnownFileType = sourcecode.swift; path = CommentCell.swift; sourceTree = "<group>"; };
		11FEBCD02AA4E52F00A2BF40 /* Comment.swift */ = {isa = PBXFileReference; lastKnownFileType = sourcecode.swift; path = Comment.swift; sourceTree = "<group>"; };
		11FEBCD32AA4F36D00A2BF40 /* NetworkService.swift */ = {isa = PBXFileReference; lastKnownFileType = sourcecode.swift; path = NetworkService.swift; sourceTree = "<group>"; };
		11FEBCD62AA4F61000A2BF40 /* CommentNetworkService.swift */ = {isa = PBXFileReference; lastKnownFileType = sourcecode.swift; path = CommentNetworkService.swift; sourceTree = "<group>"; };
		11FEBCD82AA4F76200A2BF40 /* GetCommentResponse.swift */ = {isa = PBXFileReference; lastKnownFileType = sourcecode.swift; path = GetCommentResponse.swift; sourceTree = "<group>"; };
		11FEBCDA2AA4F83500A2BF40 /* NetworkError.swift */ = {isa = PBXFileReference; lastKnownFileType = sourcecode.swift; path = NetworkError.swift; sourceTree = "<group>"; };
/* End PBXFileReference section */

/* Begin PBXFrameworksBuildPhase section */
		11FEBCAB2AA4AA7B00A2BF40 /* Frameworks */ = {
			isa = PBXFrameworksBuildPhase;
			buildActionMask = 2147483647;
			files = (
			);
			runOnlyForDeploymentPostprocessing = 0;
		};
/* End PBXFrameworksBuildPhase section */

/* Begin PBXGroup section */
		11FEBCA52AA4AA7B00A2BF40 = {
			isa = PBXGroup;
			children = (
				11FEBCB02AA4AA7B00A2BF40 /* comments_mvc_swiftbook */,
				11FEBCAF2AA4AA7B00A2BF40 /* Products */,
			);
			sourceTree = "<group>";
		};
		11FEBCAF2AA4AA7B00A2BF40 /* Products */ = {
			isa = PBXGroup;
			children = (
				11FEBCAE2AA4AA7B00A2BF40 /* comments_mvc_swiftbook.app */,
			);
			name = Products;
			sourceTree = "<group>";
		};
		11FEBCB02AA4AA7B00A2BF40 /* comments_mvc_swiftbook */ = {
			isa = PBXGroup;
			children = (
				11FEBCC52AA4CFB100A2BF40 /* app */,
				11FEBCC62AA4CFBA00A2BF40 /* comment */,
				11FEBCCD2AA4D14600A2BF40 /* support */,
			);
			path = comments_mvc_swiftbook;
			sourceTree = "<group>";
		};
		11FEBCC52AA4CFB100A2BF40 /* app */ = {
			isa = PBXGroup;
			children = (
				11FEBCC92AA4D00500A2BF40 /* model */,
				11FEBCC82AA4CFFF00A2BF40 /* view */,
				11FEBCC72AA4CFF600A2BF40 /* controller */,
				11FEBCD22AA4F34800A2BF40 /* networkServices */,
			);
			path = app;
			sourceTree = "<group>";
		};
		11FEBCC62AA4CFBA00A2BF40 /* comment */ = {
			isa = PBXGroup;
			children = (
				11FEBCCA2AA4D02900A2BF40 /* model */,
				11FEBCCC2AA4D02900A2BF40 /* view */,
				11FEBCCB2AA4D02900A2BF40 /* controller */,
				11FEBCD52AA4F5DC00A2BF40 /* commentNetworkService */,
			);
			path = comment;
			sourceTree = "<group>";
		};
		11FEBCC72AA4CFF600A2BF40 /* controller */ = {
			isa = PBXGroup;
			children = (
				11FEBCB12AA4AA7B00A2BF40 /* AppDelegate.swift */,
			);
			path = controller;
			sourceTree = "<group>";
		};
		11FEBCC82AA4CFFF00A2BF40 /* view */ = {
			isa = PBXGroup;
			children = (
				11FEBCBC2AA4AA7C00A2BF40 /* LaunchScreen.storyboard */,
			);
			path = view;
			sourceTree = "<group>";
		};
		11FEBCC92AA4D00500A2BF40 /* model */ = {
			isa = PBXGroup;
			children = (
				11FEBCDA2AA4F83500A2BF40 /* NetworkError.swift */,
			);
			path = model;
			sourceTree = "<group>";
		};
		11FEBCCA2AA4D02900A2BF40 /* model */ = {
			isa = PBXGroup;
			children = (
				11FEBCD02AA4E52F00A2BF40 /* Comment.swift */,
				11FEBCD82AA4F76200A2BF40 /* GetCommentResponse.swift */,
			);
			path = model;
			sourceTree = "<group>";
		};
		11FEBCCB2AA4D02900A2BF40 /* controller */ = {
			isa = PBXGroup;
			children = (
				11FEBCB52AA4AA7B00A2BF40 /* CommentsController.swift */,
			);
			path = controller;
			sourceTree = "<group>";
		};
		11FEBCCC2AA4D02900A2BF40 /* view */ = {
			isa = PBXGroup;
			children = (
				11FEBCB72AA4AA7B00A2BF40 /* Main.storyboard */,
				11FEBCCE2AA4E37E00A2BF40 /* CommentCell.swift */,
			);
			path = view;
			sourceTree = "<group>";
		};
		11FEBCCD2AA4D14600A2BF40 /* support */ = {
			isa = PBXGroup;
			children = (
				11FEBCB32AA4AA7B00A2BF40 /* SceneDelegate.swift */,
				11FEBCBA2AA4AA7C00A2BF40 /* Assets.xcassets */,
				11FEBCBF2AA4AA7C00A2BF40 /* Info.plist */,
			);
			path = support;
			sourceTree = "<group>";
		};
		11FEBCD22AA4F34800A2BF40 /* networkServices */ = {
			isa = PBXGroup;
			children = (
				11FEBCD32AA4F36D00A2BF40 /* NetworkService.swift */,
			);
			path = networkServices;
			sourceTree = "<group>";
		};
		11FEBCD52AA4F5DC00A2BF40 /* commentNetworkService */ = {
			isa = PBXGroup;
			children = (
				11FEBCD62AA4F61000A2BF40 /* CommentNetworkService.swift */,
			);
			path = commentNetworkService;
			sourceTree = "<group>";
		};
/* End PBXGroup section */

/* Begin PBXNativeTarget section */
		11FEBCAD2AA4AA7B00A2BF40 /* comments_mvc_swiftbook */ = {
			isa = PBXNativeTarget;
			buildConfigurationList = 11FEBCC22AA4AA7C00A2BF40 /* Build configuration list for PBXNativeTarget "comments_mvc_swiftbook" */;
			buildPhases = (
				11FEBCAA2AA4AA7B00A2BF40 /* Sources */,
				11FEBCAB2AA4AA7B00A2BF40 /* Frameworks */,
				11FEBCAC2AA4AA7B00A2BF40 /* Resources */,
			);
			buildRules = (
			);
			dependencies = (
			);
			name = comments_mvc_swiftbook;
			productName = comments_mvc_swiftbook;
			productReference = 11FEBCAE2AA4AA7B00A2BF40 /* comments_mvc_swiftbook.app */;
			productType = "com.apple.product-type.application";
		};
/* End PBXNativeTarget section */

/* Begin PBXProject section */
		11FEBCA62AA4AA7B00A2BF40 /* Project object */ = {
			isa = PBXProject;
			attributes = {
				BuildIndependentTargetsInParallel = 1;
				LastSwiftUpdateCheck = 1430;
				LastUpgradeCheck = 1430;
				TargetAttributes = {
					11FEBCAD2AA4AA7B00A2BF40 = {
						CreatedOnToolsVersion = 14.3.1;
					};
				};
			};
			buildConfigurationList = 11FEBCA92AA4AA7B00A2BF40 /* Build configuration list for PBXProject "comments_mvc_swiftbook" */;
			compatibilityVersion = "Xcode 14.0";
			developmentRegion = en;
			hasScannedForEncodings = 0;
			knownRegions = (
				en,
				Base,
			);
			mainGroup = 11FEBCA52AA4AA7B00A2BF40;
			productRefGroup = 11FEBCAF2AA4AA7B00A2BF40 /* Products */;
			projectDirPath = "";
			projectRoot = "";
			targets = (
				11FEBCAD2AA4AA7B00A2BF40 /* comments_mvc_swiftbook */,
			);
		};
/* End PBXProject section */

/* Begin PBXResourcesBuildPhase section */
		11FEBCAC2AA4AA7B00A2BF40 /* Resources */ = {
			isa = PBXResourcesBuildPhase;
			buildActionMask = 2147483647;
			files = (
				11FEBCBE2AA4AA7C00A2BF40 /* LaunchScreen.storyboard in Resources */,
				11FEBCBB2AA4AA7C00A2BF40 /* Assets.xcassets in Resources */,
				11FEBCB92AA4AA7B00A2BF40 /* Main.storyboard in Resources */,
			);
			runOnlyForDeploymentPostprocessing = 0;
		};
/* End PBXResourcesBuildPhase section */

/* Begin PBXSourcesBuildPhase section */
		11FEBCAA2AA4AA7B00A2BF40 /* Sources */ = {
			isa = PBXSourcesBuildPhase;
			buildActionMask = 2147483647;
			files = (
				11FEBCD12AA4E52F00A2BF40 /* Comment.swift in Sources */,
				11FEBCB62AA4AA7B00A2BF40 /* CommentsController.swift in Sources */,
				11FEBCB22AA4AA7B00A2BF40 /* AppDelegate.swift in Sources */,
				11FEBCB42AA4AA7B00A2BF40 /* SceneDelegate.swift in Sources */,
				11FEBCD42AA4F36D00A2BF40 /* NetworkService.swift in Sources */,
				11FEBCD92AA4F76200A2BF40 /* GetCommentResponse.swift in Sources */,
				11FEBCDB2AA4F83500A2BF40 /* NetworkError.swift in Sources */,
				11FEBCCF2AA4E37E00A2BF40 /* CommentCell.swift in Sources */,
				11FEBCD72AA4F61000A2BF40 /* CommentNetworkService.swift in Sources */,
			);
			runOnlyForDeploymentPostprocessing = 0;
		};
/* End PBXSourcesBuildPhase section */

/* Begin PBXVariantGroup section */
		11FEBCB72AA4AA7B00A2BF40 /* Main.storyboard */ = {
			isa = PBXVariantGroup;
			children = (
				11FEBCB82AA4AA7B00A2BF40 /* Base */,
			);
			name = Main.storyboard;
			sourceTree = "<group>";
		};
		11FEBCBC2AA4AA7C00A2BF40 /* LaunchScreen.storyboard */ = {
			isa = PBXVariantGroup;
			children = (
				11FEBCBD2AA4AA7C00A2BF40 /* Base */,
			);
			name = LaunchScreen.storyboard;
			sourceTree = "<group>";
		};
/* End PBXVariantGroup section */

/* Begin XCBuildConfiguration section */
		11FEBCC02AA4AA7C00A2BF40 /* Debug */ = {
			isa = XCBuildConfiguration;
			buildSettings = {
				ALWAYS_SEARCH_USER_PATHS = NO;
				CLANG_ANALYZER_NONNULL = YES;
				CLANG_ANALYZER_NUMBER_OBJECT_CONVERSION = YES_AGGRESSIVE;
				CLANG_CXX_LANGUAGE_STANDARD = "gnu++20";
				CLANG_ENABLE_MODULES = YES;
				CLANG_ENABLE_OBJC_ARC = YES;
				CLANG_ENABLE_OBJC_WEAK = YES;
				CLANG_WARN_BLOCK_CAPTURE_AUTORELEASING = YES;
				CLANG_WARN_BOOL_CONVERSION = YES;
				CLANG_WARN_COMMA = YES;
				CLANG_WARN_CONSTANT_CONVERSION = YES;
				CLANG_WARN_DEPRECATED_OBJC_IMPLEMENTATIONS = YES;
				CLANG_WARN_DIRECT_OBJC_ISA_USAGE = YES_ERROR;
				CLANG_WARN_DOCUMENTATION_COMMENTS = YES;
				CLANG_WARN_EMPTY_BODY = YES;
				CLANG_WARN_ENUM_CONVERSION = YES;
				CLANG_WARN_INFINITE_RECURSION = YES;
				CLANG_WARN_INT_CONVERSION = YES;
				CLANG_WARN_NON_LITERAL_NULL_CONVERSION = YES;
				CLANG_WARN_OBJC_IMPLICIT_RETAIN_SELF = YES;
				CLANG_WARN_OBJC_LITERAL_CONVERSION = YES;
				CLANG_WARN_OBJC_ROOT_CLASS = YES_ERROR;
				CLANG_WARN_QUOTED_INCLUDE_IN_FRAMEWORK_HEADER = YES;
				CLANG_WARN_RANGE_LOOP_ANALYSIS = YES;
				CLANG_WARN_STRICT_PROTOTYPES = YES;
				CLANG_WARN_SUSPICIOUS_MOVE = YES;
				CLANG_WARN_UNGUARDED_AVAILABILITY = YES_AGGRESSIVE;
				CLANG_WARN_UNREACHABLE_CODE = YES;
				CLANG_WARN__DUPLICATE_METHOD_MATCH = YES;
				COPY_PHASE_STRIP = NO;
				DEBUG_INFORMATION_FORMAT = dwarf;
				ENABLE_STRICT_OBJC_MSGSEND = YES;
				ENABLE_TESTABILITY = YES;
				GCC_C_LANGUAGE_STANDARD = gnu11;
				GCC_DYNAMIC_NO_PIC = NO;
				GCC_NO_COMMON_BLOCKS = YES;
				GCC_OPTIMIZATION_LEVEL = 0;
				GCC_PREPROCESSOR_DEFINITIONS = (
					"DEBUG=1",
					"$(inherited)",
				);
				GCC_WARN_64_TO_32_BIT_CONVERSION = YES;
				GCC_WARN_ABOUT_RETURN_TYPE = YES_ERROR;
				GCC_WARN_UNDECLARED_SELECTOR = YES;
				GCC_WARN_UNINITIALIZED_AUTOS = YES_AGGRESSIVE;
				GCC_WARN_UNUSED_FUNCTION = YES;
				GCC_WARN_UNUSED_VARIABLE = YES;
				IPHONEOS_DEPLOYMENT_TARGET = 16.4;
				MTL_ENABLE_DEBUG_INFO = INCLUDE_SOURCE;
				MTL_FAST_MATH = YES;
				ONLY_ACTIVE_ARCH = YES;
				SDKROOT = iphoneos;
				SWIFT_ACTIVE_COMPILATION_CONDITIONS = DEBUG;
				SWIFT_OPTIMIZATION_LEVEL = "-Onone";
			};
			name = Debug;
		};
		11FEBCC12AA4AA7C00A2BF40 /* Release */ = {
			isa = XCBuildConfiguration;
			buildSettings = {
				ALWAYS_SEARCH_USER_PATHS = NO;
				CLANG_ANALYZER_NONNULL = YES;
				CLANG_ANALYZER_NUMBER_OBJECT_CONVERSION = YES_AGGRESSIVE;
				CLANG_CXX_LANGUAGE_STANDARD = "gnu++20";
				CLANG_ENABLE_MODULES = YES;
				CLANG_ENABLE_OBJC_ARC = YES;
				CLANG_ENABLE_OBJC_WEAK = YES;
				CLANG_WARN_BLOCK_CAPTURE_AUTORELEASING = YES;
				CLANG_WARN_BOOL_CONVERSION = YES;
				CLANG_WARN_COMMA = YES;
				CLANG_WARN_CONSTANT_CONVERSION = YES;
				CLANG_WARN_DEPRECATED_OBJC_IMPLEMENTATIONS = YES;
				CLANG_WARN_DIRECT_OBJC_ISA_USAGE = YES_ERROR;
				CLANG_WARN_DOCUMENTATION_COMMENTS = YES;
				CLANG_WARN_EMPTY_BODY = YES;
				CLANG_WARN_ENUM_CONVERSION = YES;
				CLANG_WARN_INFINITE_RECURSION = YES;
				CLANG_WARN_INT_CONVERSION = YES;
				CLANG_WARN_NON_LITERAL_NULL_CONVERSION = YES;
				CLANG_WARN_OBJC_IMPLICIT_RETAIN_SELF = YES;
				CLANG_WARN_OBJC_LITERAL_CONVERSION = YES;
				CLANG_WARN_OBJC_ROOT_CLASS = YES_ERROR;
				CLANG_WARN_QUOTED_INCLUDE_IN_FRAMEWORK_HEADER = YES;
				CLANG_WARN_RANGE_LOOP_ANALYSIS = YES;
				CLANG_WARN_STRICT_PROTOTYPES = YES;
				CLANG_WARN_SUSPICIOUS_MOVE = YES;
				CLANG_WARN_UNGUARDED_AVAILABILITY = YES_AGGRESSIVE;
				CLANG_WARN_UNREACHABLE_CODE = YES;
				CLANG_WARN__DUPLICATE_METHOD_MATCH = YES;
				COPY_PHASE_STRIP = NO;
				DEBUG_INFORMATION_FORMAT = "dwarf-with-dsym";
				ENABLE_NS_ASSERTIONS = NO;
				ENABLE_STRICT_OBJC_MSGSEND = YES;
				GCC_C_LANGUAGE_STANDARD = gnu11;
				GCC_NO_COMMON_BLOCKS = YES;
				GCC_WARN_64_TO_32_BIT_CONVERSION = YES;
				GCC_WARN_ABOUT_RETURN_TYPE = YES_ERROR;
				GCC_WARN_UNDECLARED_SELECTOR = YES;
				GCC_WARN_UNINITIALIZED_AUTOS = YES_AGGRESSIVE;
				GCC_WARN_UNUSED_FUNCTION = YES;
				GCC_WARN_UNUSED_VARIABLE = YES;
				IPHONEOS_DEPLOYMENT_TARGET = 16.4;
				MTL_ENABLE_DEBUG_INFO = NO;
				MTL_FAST_MATH = YES;
				SDKROOT = iphoneos;
				SWIFT_COMPILATION_MODE = wholemodule;
				SWIFT_OPTIMIZATION_LEVEL = "-O";
				VALIDATE_PRODUCT = YES;
			};
			name = Release;
		};
		11FEBCC32AA4AA7C00A2BF40 /* Debug */ = {
			isa = XCBuildConfiguration;
			buildSettings = {
				ASSETCATALOG_COMPILER_APPICON_NAME = AppIcon;
				ASSETCATALOG_COMPILER_GLOBAL_ACCENT_COLOR_NAME = AccentColor;
				CODE_SIGN_STYLE = Automatic;
				CURRENT_PROJECT_VERSION = 1;
				DEVELOPMENT_TEAM = 4G46SBVFJU;
				GENERATE_INFOPLIST_FILE = YES;
				INFOPLIST_FILE = comments_mvc_swiftbook/support/Info.plist;
				INFOPLIST_KEY_CFBundleDisplayName = Comments;
				INFOPLIST_KEY_LSApplicationCategoryType = "public.app-category.utilities";
				INFOPLIST_KEY_UIApplicationSupportsIndirectInputEvents = YES;
				INFOPLIST_KEY_UILaunchStoryboardName = LaunchScreen;
				INFOPLIST_KEY_UIMainStoryboardFile = Main;
				INFOPLIST_KEY_UISupportedInterfaceOrientations = UIInterfaceOrientationPortrait;
				INFOPLIST_KEY_UISupportedInterfaceOrientations_iPad = "UIInterfaceOrientationLandscapeLeft UIInterfaceOrientationLandscapeRight UIInterfaceOrientationPortrait UIInterfaceOrientationPortraitUpsideDown";
				IPHONEOS_DEPLOYMENT_TARGET = 14.0;
				LD_RUNPATH_SEARCH_PATHS = (
					"$(inherited)",
					"@executable_path/Frameworks",
				);
				MARKETING_VERSION = 1.0;
				PRODUCT_BUNDLE_IDENTIFIER = "com.hedonist.comments-mvc-swiftbook";
				PRODUCT_NAME = "$(TARGET_NAME)";
				SUPPORTED_PLATFORMS = "iphoneos iphonesimulator";
				SUPPORTS_MACCATALYST = NO;
				SUPPORTS_MAC_DESIGNED_FOR_IPHONE_IPAD = NO;
				SWIFT_EMIT_LOC_STRINGS = YES;
				SWIFT_VERSION = 5.0;
				TARGETED_DEVICE_FAMILY = 1;
			};
			name = Debug;
		};
		11FEBCC42AA4AA7C00A2BF40 /* Release */ = {
			isa = XCBuildConfiguration;
			buildSettings = {
				ASSETCATALOG_COMPILER_APPICON_NAME = AppIcon;
				ASSETCATALOG_COMPILER_GLOBAL_ACCENT_COLOR_NAME = AccentColor;
				CODE_SIGN_STYLE = Automatic;
				CURRENT_PROJECT_VERSION = 1;
				DEVELOPMENT_TEAM = 4G46SBVFJU;
				GENERATE_INFOPLIST_FILE = YES;
				INFOPLIST_FILE = comments_mvc_swiftbook/support/Info.plist;
				INFOPLIST_KEY_CFBundleDisplayName = Comments;
				INFOPLIST_KEY_LSApplicationCategoryType = "public.app-category.utilities";
				INFOPLIST_KEY_UIApplicationSupportsIndirectInputEvents = YES;
				INFOPLIST_KEY_UILaunchStoryboardName = LaunchScreen;
				INFOPLIST_KEY_UIMainStoryboardFile = Main;
				INFOPLIST_KEY_UISupportedInterfaceOrientations = UIInterfaceOrientationPortrait;
				INFOPLIST_KEY_UISupportedInterfaceOrientations_iPad = "UIInterfaceOrientationLandscapeLeft UIInterfaceOrientationLandscapeRight UIInterfaceOrientationPortrait UIInterfaceOrientationPortraitUpsideDown";
				IPHONEOS_DEPLOYMENT_TARGET = 14.0;
				LD_RUNPATH_SEARCH_PATHS = (
					"$(inherited)",
					"@executable_path/Frameworks",
				);
				MARKETING_VERSION = 1.0;
				PRODUCT_BUNDLE_IDENTIFIER = "com.hedonist.comments-mvc-swiftbook";
				PRODUCT_NAME = "$(TARGET_NAME)";
				SUPPORTED_PLATFORMS = "iphoneos iphonesimulator";
				SUPPORTS_MACCATALYST = NO;
				SUPPORTS_MAC_DESIGNED_FOR_IPHONE_IPAD = NO;
				SWIFT_EMIT_LOC_STRINGS = YES;
				SWIFT_VERSION = 5.0;
				TARGETED_DEVICE_FAMILY = 1;
			};
			name = Release;
		};
/* End XCBuildConfiguration section */

/* Begin XCConfigurationList section */
		11FEBCA92AA4AA7B00A2BF40 /* Build configuration list for PBXProject "comments_mvc_swiftbook" */ = {
			isa = XCConfigurationList;
			buildConfigurations = (
				11FEBCC02AA4AA7C00A2BF40 /* Debug */,
				11FEBCC12AA4AA7C00A2BF40 /* Release */,
			);
			defaultConfigurationIsVisible = 0;
			defaultConfigurationName = Release;
		};
		11FEBCC22AA4AA7C00A2BF40 /* Build configuration list for PBXNativeTarget "comments_mvc_swiftbook" */ = {
			isa = XCConfigurationList;
			buildConfigurations = (
				11FEBCC32AA4AA7C00A2BF40 /* Debug */,
				11FEBCC42AA4AA7C00A2BF40 /* Release */,
			);
			defaultConfigurationIsVisible = 0;
			defaultConfigurationName = Release;
		};
/* End XCConfigurationList section */
	};
	rootObject = 11FEBCA62AA4AA7B00A2BF40 /* Project object */;
}
